// !$*UTF8*$!
{
	archiveVersion = 1;
	classes = {
	};
	objectVersion = 56;
	objects = {

/* Begin PBXBuildFile section */
		9C4FCE082BCEAD79005EE131 /* ChartsSampleApp.swift in Sources */ = {isa = PBXBuildFile; fileRef = 9C4FCE072BCEAD79005EE131 /* ChartsSampleApp.swift */; };
		9C4FCE0A2BCEAD79005EE131 /* ContentView.swift in Sources */ = {isa = PBXBuildFile; fileRef = 9C4FCE092BCEAD79005EE131 /* ContentView.swift */; };
		9C4FCE0C2BCEAD7A005EE131 /* Assets.xcassets in Resources */ = {isa = PBXBuildFile; fileRef = 9C4FCE0B2BCEAD7A005EE131 /* Assets.xcassets */; };
		9C4FCE102BCEAD7A005EE131 /* Preview Assets.xcassets in Resources */ = {isa = PBXBuildFile; fileRef = 9C4FCE0F2BCEAD7A005EE131 /* Preview Assets.xcassets */; };
		9C4FCE1A2BCEAD7A005EE131 /* ChartsSampleTests.swift in Sources */ = {isa = PBXBuildFile; fileRef = 9C4FCE192BCEAD7A005EE131 /* ChartsSampleTests.swift */; };
		9C4FCE242BCEAD7A005EE131 /* ChartsSampleUITests.swift in Sources */ = {isa = PBXBuildFile; fileRef = 9C4FCE232BCEAD7A005EE131 /* ChartsSampleUITests.swift */; };
		9C4FCE262BCEAD7A005EE131 /* ChartsSampleUITestsLaunchTests.swift in Sources */ = {isa = PBXBuildFile; fileRef = 9C4FCE252BCEAD7A005EE131 /* ChartsSampleUITestsLaunchTests.swift */; };
		9C4FCE332BCEAEB2005EE131 /* BarChartViewModel.swift in Sources */ = {isa = PBXBuildFile; fileRef = 9C4FCE322BCEAEB2005EE131 /* BarChartViewModel.swift */; };
		9C4FCE352BCEAEE5005EE131 /* StudyData.swift in Sources */ = {isa = PBXBuildFile; fileRef = 9C4FCE342BCEAEE5005EE131 /* StudyData.swift */; };
		9C4FCE372BCEB1F1005EE131 /* DateUtility.swift in Sources */ = {isa = PBXBuildFile; fileRef = 9C4FCE362BCEB1F1005EE131 /* DateUtility.swift */; };
		9C5F4C812BD08D4C00634182 /* ColorManager.swift in Sources */ = {isa = PBXBuildFile; fileRef = 9C5F4C802BD08D4C00634182 /* ColorManager.swift */; };
		9CA3EDFF2BDDB5B300351DB0 /* ShowWeekDataView.swift in Sources */ = {isa = PBXBuildFile; fileRef = 9CA3EDFE2BDDB5B300351DB0 /* ShowWeekDataView.swift */; };
/* End PBXBuildFile section */

/* Begin PBXContainerItemProxy section */
		9C4FCE162BCEAD7A005EE131 /* PBXContainerItemProxy */ = {
			isa = PBXContainerItemProxy;
			containerPortal = 9C4FCDFC2BCEAD79005EE131 /* Project object */;
			proxyType = 1;
			remoteGlobalIDString = 9C4FCE032BCEAD79005EE131;
			remoteInfo = ChartsSample;
		};
		9C4FCE202BCEAD7A005EE131 /* PBXContainerItemProxy */ = {
			isa = PBXContainerItemProxy;
			containerPortal = 9C4FCDFC2BCEAD79005EE131 /* Project object */;
			proxyType = 1;
			remoteGlobalIDString = 9C4FCE032BCEAD79005EE131;
			remoteInfo = ChartsSample;
		};
/* End PBXContainerItemProxy section */

/* Begin PBXFileReference section */
		9C4FCE042BCEAD79005EE131 /* ChartsSample.app */ = {isa = PBXFileReference; explicitFileType = wrapper.application; includeInIndex = 0; path = ChartsSample.app; sourceTree = BUILT_PRODUCTS_DIR; };
		9C4FCE072BCEAD79005EE131 /* ChartsSampleApp.swift */ = {isa = PBXFileReference; lastKnownFileType = sourcecode.swift; path = ChartsSampleApp.swift; sourceTree = "<group>"; };
		9C4FCE092BCEAD79005EE131 /* ContentView.swift */ = {isa = PBXFileReference; lastKnownFileType = sourcecode.swift; path = ContentView.swift; sourceTree = "<group>"; };
		9C4FCE0B2BCEAD7A005EE131 /* Assets.xcassets */ = {isa = PBXFileReference; lastKnownFileType = folder.assetcatalog; path = Assets.xcassets; sourceTree = "<group>"; };
		9C4FCE0D2BCEAD7A005EE131 /* ChartsSample.entitlements */ = {isa = PBXFileReference; lastKnownFileType = text.plist.entitlements; path = ChartsSample.entitlements; sourceTree = "<group>"; };
		9C4FCE0F2BCEAD7A005EE131 /* Preview Assets.xcassets */ = {isa = PBXFileReference; lastKnownFileType = folder.assetcatalog; path = "Preview Assets.xcassets"; sourceTree = "<group>"; };
		9C4FCE152BCEAD7A005EE131 /* ChartsSampleTests.xctest */ = {isa = PBXFileReference; explicitFileType = wrapper.cfbundle; includeInIndex = 0; path = ChartsSampleTests.xctest; sourceTree = BUILT_PRODUCTS_DIR; };
		9C4FCE192BCEAD7A005EE131 /* ChartsSampleTests.swift */ = {isa = PBXFileReference; lastKnownFileType = sourcecode.swift; path = ChartsSampleTests.swift; sourceTree = "<group>"; };
		9C4FCE1F2BCEAD7A005EE131 /* ChartsSampleUITests.xctest */ = {isa = PBXFileReference; explicitFileType = wrapper.cfbundle; includeInIndex = 0; path = ChartsSampleUITests.xctest; sourceTree = BUILT_PRODUCTS_DIR; };
		9C4FCE232BCEAD7A005EE131 /* ChartsSampleUITests.swift */ = {isa = PBXFileReference; lastKnownFileType = sourcecode.swift; path = ChartsSampleUITests.swift; sourceTree = "<group>"; };
		9C4FCE252BCEAD7A005EE131 /* ChartsSampleUITestsLaunchTests.swift */ = {isa = PBXFileReference; lastKnownFileType = sourcecode.swift; path = ChartsSampleUITestsLaunchTests.swift; sourceTree = "<group>"; };
		9C4FCE322BCEAEB2005EE131 /* BarChartViewModel.swift */ = {isa = PBXFileReference; lastKnownFileType = sourcecode.swift; path = BarChartViewModel.swift; sourceTree = "<group>"; };
		9C4FCE342BCEAEE5005EE131 /* StudyData.swift */ = {isa = PBXFileReference; lastKnownFileType = sourcecode.swift; path = StudyData.swift; sourceTree = "<group>"; };
		9C4FCE362BCEB1F1005EE131 /* DateUtility.swift */ = {isa = PBXFileReference; lastKnownFileType = sourcecode.swift; path = DateUtility.swift; sourceTree = "<group>"; };
		9C5F4C802BD08D4C00634182 /* ColorManager.swift */ = {isa = PBXFileReference; lastKnownFileType = sourcecode.swift; path = ColorManager.swift; sourceTree = "<group>"; };
		9CA3EDFE2BDDB5B300351DB0 /* ShowWeekDataView.swift */ = {isa = PBXFileReference; lastKnownFileType = sourcecode.swift; path = ShowWeekDataView.swift; sourceTree = "<group>"; };
/* End PBXFileReference section */

/* Begin PBXFrameworksBuildPhase section */
		9C4FCE012BCEAD79005EE131 /* Frameworks */ = {
			isa = PBXFrameworksBuildPhase;
			buildActionMask = 2147483647;
			files = (
			);
			runOnlyForDeploymentPostprocessing = 0;
		};
		9C4FCE122BCEAD7A005EE131 /* Frameworks */ = {
			isa = PBXFrameworksBuildPhase;
			buildActionMask = 2147483647;
			files = (
			);
			runOnlyForDeploymentPostprocessing = 0;
		};
		9C4FCE1C2BCEAD7A005EE131 /* Frameworks */ = {
			isa = PBXFrameworksBuildPhase;
			buildActionMask = 2147483647;
			files = (
			);
			runOnlyForDeploymentPostprocessing = 0;
		};
/* End PBXFrameworksBuildPhase section */

/* Begin PBXGroup section */
		9C4FCDFB2BCEAD79005EE131 = {
			isa = PBXGroup;
			children = (
				9C4FCE062BCEAD79005EE131 /* ChartsSample */,
				9C4FCE182BCEAD7A005EE131 /* ChartsSampleTests */,
				9C4FCE222BCEAD7A005EE131 /* ChartsSampleUITests */,
				9C4FCE052BCEAD79005EE131 /* Products */,
			);
			sourceTree = "<group>";
		};
		9C4FCE052BCEAD79005EE131 /* Products */ = {
			isa = PBXGroup;
			children = (
				9C4FCE042BCEAD79005EE131 /* ChartsSample.app */,
				9C4FCE152BCEAD7A005EE131 /* ChartsSampleTests.xctest */,
				9C4FCE1F2BCEAD7A005EE131 /* ChartsSampleUITests.xctest */,
			);
			name = Products;
			sourceTree = "<group>";
		};
		9C4FCE062BCEAD79005EE131 /* ChartsSample */ = {
			isa = PBXGroup;
			children = (
				9C4FCE072BCEAD79005EE131 /* ChartsSampleApp.swift */,
				9C4FCE092BCEAD79005EE131 /* ContentView.swift */,
				9C4FCE322BCEAEB2005EE131 /* BarChartViewModel.swift */,
				9C4FCE342BCEAEE5005EE131 /* StudyData.swift */,
				9C4FCE0B2BCEAD7A005EE131 /* Assets.xcassets */,
				9C4FCE0D2BCEAD7A005EE131 /* ChartsSample.entitlements */,
				9C4FCE0E2BCEAD7A005EE131 /* Preview Content */,
				9C4FCE362BCEB1F1005EE131 /* DateUtility.swift */,
				9C5F4C802BD08D4C00634182 /* ColorManager.swift */,
				9CA3EDFE2BDDB5B300351DB0 /* ShowWeekDataView.swift */,
			);
			path = ChartsSample;
			sourceTree = "<group>";
		};
		9C4FCE0E2BCEAD7A005EE131 /* Preview Content */ = {
			isa = PBXGroup;
			children = (
				9C4FCE0F2BCEAD7A005EE131 /* Preview Assets.xcassets */,
			);
			path = "Preview Content";
			sourceTree = "<group>";
		};
		9C4FCE182BCEAD7A005EE131 /* ChartsSampleTests */ = {
			isa = PBXGroup;
			children = (
				9C4FCE192BCEAD7A005EE131 /* ChartsSampleTests.swift */,
			);
			path = ChartsSampleTests;
			sourceTree = "<group>";
		};
		9C4FCE222BCEAD7A005EE131 /* ChartsSampleUITests */ = {
			isa = PBXGroup;
			children = (
				9C4FCE232BCEAD7A005EE131 /* ChartsSampleUITests.swift */,
				9C4FCE252BCEAD7A005EE131 /* ChartsSampleUITestsLaunchTests.swift */,
			);
			path = ChartsSampleUITests;
			sourceTree = "<group>";
		};
/* End PBXGroup section */

/* Begin PBXNativeTarget section */
		9C4FCE032BCEAD79005EE131 /* ChartsSample */ = {
			isa = PBXNativeTarget;
			buildConfigurationList = 9C4FCE292BCEAD7A005EE131 /* Build configuration list for PBXNativeTarget "ChartsSample" */;
			buildPhases = (
				9C4FCE002BCEAD79005EE131 /* Sources */,
				9C4FCE012BCEAD79005EE131 /* Frameworks */,
				9C4FCE022BCEAD79005EE131 /* Resources */,
			);
			buildRules = (
			);
			dependencies = (
			);
			name = ChartsSample;
			productName = ChartsSample;
			productReference = 9C4FCE042BCEAD79005EE131 /* ChartsSample.app */;
			productType = "com.apple.product-type.application";
		};
		9C4FCE142BCEAD7A005EE131 /* ChartsSampleTests */ = {
			isa = PBXNativeTarget;
			buildConfigurationList = 9C4FCE2C2BCEAD7A005EE131 /* Build configuration list for PBXNativeTarget "ChartsSampleTests" */;
			buildPhases = (
				9C4FCE112BCEAD7A005EE131 /* Sources */,
				9C4FCE122BCEAD7A005EE131 /* Frameworks */,
				9C4FCE132BCEAD7A005EE131 /* Resources */,
			);
			buildRules = (
			);
			dependencies = (
				9C4FCE172BCEAD7A005EE131 /* PBXTargetDependency */,
			);
			name = ChartsSampleTests;
			productName = ChartsSampleTests;
			productReference = 9C4FCE152BCEAD7A005EE131 /* ChartsSampleTests.xctest */;
			productType = "com.apple.product-type.bundle.unit-test";
		};
		9C4FCE1E2BCEAD7A005EE131 /* ChartsSampleUITests */ = {
			isa = PBXNativeTarget;
			buildConfigurationList = 9C4FCE2F2BCEAD7A005EE131 /* Build configuration list for PBXNativeTarget "ChartsSampleUITests" */;
			buildPhases = (
				9C4FCE1B2BCEAD7A005EE131 /* Sources */,
				9C4FCE1C2BCEAD7A005EE131 /* Frameworks */,
				9C4FCE1D2BCEAD7A005EE131 /* Resources */,
			);
			buildRules = (
			);
			dependencies = (
				9C4FCE212BCEAD7A005EE131 /* PBXTargetDependency */,
			);
			name = ChartsSampleUITests;
			productName = ChartsSampleUITests;
			productReference = 9C4FCE1F2BCEAD7A005EE131 /* ChartsSampleUITests.xctest */;
			productType = "com.apple.product-type.bundle.ui-testing";
		};
/* End PBXNativeTarget section */

/* Begin PBXProject section */
		9C4FCDFC2BCEAD79005EE131 /* Project object */ = {
			isa = PBXProject;
			attributes = {
				BuildIndependentTargetsInParallel = 1;
				LastSwiftUpdateCheck = 1530;
				LastUpgradeCheck = 1530;
				TargetAttributes = {
					9C4FCE032BCEAD79005EE131 = {
						CreatedOnToolsVersion = 15.3;
					};
					9C4FCE142BCEAD7A005EE131 = {
						CreatedOnToolsVersion = 15.3;
						TestTargetID = 9C4FCE032BCEAD79005EE131;
					};
					9C4FCE1E2BCEAD7A005EE131 = {
						CreatedOnToolsVersion = 15.3;
						TestTargetID = 9C4FCE032BCEAD79005EE131;
					};
				};
			};
			buildConfigurationList = 9C4FCDFF2BCEAD79005EE131 /* Build configuration list for PBXProject "ChartsSample" */;
			compatibilityVersion = "Xcode 14.0";
			developmentRegion = en;
			hasScannedForEncodings = 0;
			knownRegions = (
				en,
				Base,
			);
			mainGroup = 9C4FCDFB2BCEAD79005EE131;
			productRefGroup = 9C4FCE052BCEAD79005EE131 /* Products */;
			projectDirPath = "";
			projectRoot = "";
			targets = (
				9C4FCE032BCEAD79005EE131 /* ChartsSample */,
				9C4FCE142BCEAD7A005EE131 /* ChartsSampleTests */,
				9C4FCE1E2BCEAD7A005EE131 /* ChartsSampleUITests */,
			);
		};
/* End PBXProject section */

/* Begin PBXResourcesBuildPhase section */
		9C4FCE022BCEAD79005EE131 /* Resources */ = {
			isa = PBXResourcesBuildPhase;
			buildActionMask = 2147483647;
			files = (
				9C4FCE102BCEAD7A005EE131 /* Preview Assets.xcassets in Resources */,
				9C4FCE0C2BCEAD7A005EE131 /* Assets.xcassets in Resources */,
			);
			runOnlyForDeploymentPostprocessing = 0;
		};
		9C4FCE132BCEAD7A005EE131 /* Resources */ = {
			isa = PBXResourcesBuildPhase;
			buildActionMask = 2147483647;
			files = (
			);
			runOnlyForDeploymentPostprocessing = 0;
		};
		9C4FCE1D2BCEAD7A005EE131 /* Resources */ = {
			isa = PBXResourcesBuildPhase;
			buildActionMask = 2147483647;
			files = (
			);
			runOnlyForDeploymentPostprocessing = 0;
		};
/* End PBXResourcesBuildPhase section */

/* Begin PBXSourcesBuildPhase section */
		9C4FCE002BCEAD79005EE131 /* Sources */ = {
			isa = PBXSourcesBuildPhase;
			buildActionMask = 2147483647;
			files = (
				9C4FCE372BCEB1F1005EE131 /* DateUtility.swift in Sources */,
				9C4FCE332BCEAEB2005EE131 /* BarChartViewModel.swift in Sources */,
				9C4FCE352BCEAEE5005EE131 /* StudyData.swift in Sources */,
				9C5F4C812BD08D4C00634182 /* ColorManager.swift in Sources */,
				9C4FCE0A2BCEAD79005EE131 /* ContentView.swift in Sources */,
				9C4FCE082BCEAD79005EE131 /* ChartsSampleApp.swift in Sources */,
				9CA3EDFF2BDDB5B300351DB0 /* ShowWeekDataView.swift in Sources */,
			);
			runOnlyForDeploymentPostprocessing = 0;
		};
		9C4FCE112BCEAD7A005EE131 /* Sources */ = {
			isa = PBXSourcesBuildPhase;
			buildActionMask = 2147483647;
			files = (
				9C4FCE1A2BCEAD7A005EE131 /* ChartsSampleTests.swift in Sources */,
			);
			runOnlyForDeploymentPostprocessing = 0;
		};
		9C4FCE1B2BCEAD7A005EE131 /* Sources */ = {
			isa = PBXSourcesBuildPhase;
			buildActionMask = 2147483647;
			files = (
				9C4FCE242BCEAD7A005EE131 /* ChartsSampleUITests.swift in Sources */,
				9C4FCE262BCEAD7A005EE131 /* ChartsSampleUITestsLaunchTests.swift in Sources */,
			);
			runOnlyForDeploymentPostprocessing = 0;
		};
/* End PBXSourcesBuildPhase section */

/* Begin PBXTargetDependency section */
		9C4FCE172BCEAD7A005EE131 /* PBXTargetDependency */ = {
			isa = PBXTargetDependency;
			target = 9C4FCE032BCEAD79005EE131 /* ChartsSample */;
			targetProxy = 9C4FCE162BCEAD7A005EE131 /* PBXContainerItemProxy */;
		};
		9C4FCE212BCEAD7A005EE131 /* PBXTargetDependency */ = {
			isa = PBXTargetDependency;
			target = 9C4FCE032BCEAD79005EE131 /* ChartsSample */;
			targetProxy = 9C4FCE202BCEAD7A005EE131 /* PBXContainerItemProxy */;
		};
/* End PBXTargetDependency section */

/* Begin XCBuildConfiguration section */
		9C4FCE272BCEAD7A005EE131 /* Debug */ = {
			isa = XCBuildConfiguration;
			buildSettings = {
				ALWAYS_SEARCH_USER_PATHS = NO;
				ASSETCATALOG_COMPILER_GENERATE_SWIFT_ASSET_SYMBOL_EXTENSIONS = YES;
				CLANG_ANALYZER_NONNULL = YES;
				CLANG_ANALYZER_NUMBER_OBJECT_CONVERSION = YES_AGGRESSIVE;
				CLANG_CXX_LANGUAGE_STANDARD = "gnu++20";
				CLANG_ENABLE_MODULES = YES;
				CLANG_ENABLE_OBJC_ARC = YES;
				CLANG_ENABLE_OBJC_WEAK = YES;
				CLANG_WARN_BLOCK_CAPTURE_AUTORELEASING = YES;
				CLANG_WARN_BOOL_CONVERSION = YES;
				CLANG_WARN_COMMA = YES;
				CLANG_WARN_CONSTANT_CONVERSION = YES;
				CLANG_WARN_DEPRECATED_OBJC_IMPLEMENTATIONS = YES;
				CLANG_WARN_DIRECT_OBJC_ISA_USAGE = YES_ERROR;
				CLANG_WARN_DOCUMENTATION_COMMENTS = YES;
				CLANG_WARN_EMPTY_BODY = YES;
				CLANG_WARN_ENUM_CONVERSION = YES;
				CLANG_WARN_INFINITE_RECURSION = YES;
				CLANG_WARN_INT_CONVERSION = YES;
				CLANG_WARN_NON_LITERAL_NULL_CONVERSION = YES;
				CLANG_WARN_OBJC_IMPLICIT_RETAIN_SELF = YES;
				CLANG_WARN_OBJC_LITERAL_CONVERSION = YES;
				CLANG_WARN_OBJC_ROOT_CLASS = YES_ERROR;
				CLANG_WARN_QUOTED_INCLUDE_IN_FRAMEWORK_HEADER = YES;
				CLANG_WARN_RANGE_LOOP_ANALYSIS = YES;
				CLANG_WARN_STRICT_PROTOTYPES = YES;
				CLANG_WARN_SUSPICIOUS_MOVE = YES;
				CLANG_WARN_UNGUARDED_AVAILABILITY = YES_AGGRESSIVE;
				CLANG_WARN_UNREACHABLE_CODE = YES;
				CLANG_WARN__DUPLICATE_METHOD_MATCH = YES;
				COPY_PHASE_STRIP = NO;
				DEBUG_INFORMATION_FORMAT = dwarf;
				ENABLE_STRICT_OBJC_MSGSEND = YES;
				ENABLE_TESTABILITY = YES;
				ENABLE_USER_SCRIPT_SANDBOXING = YES;
				GCC_C_LANGUAGE_STANDARD = gnu17;
				GCC_DYNAMIC_NO_PIC = NO;
				GCC_NO_COMMON_BLOCKS = YES;
				GCC_OPTIMIZATION_LEVEL = 0;
				GCC_PREPROCESSOR_DEFINITIONS = (
					"DEBUG=1",
					"$(inherited)",
				);
				GCC_WARN_64_TO_32_BIT_CONVERSION = YES;
				GCC_WARN_ABOUT_RETURN_TYPE = YES_ERROR;
				GCC_WARN_UNDECLARED_SELECTOR = YES;
				GCC_WARN_UNINITIALIZED_AUTOS = YES_AGGRESSIVE;
				GCC_WARN_UNUSED_FUNCTION = YES;
				GCC_WARN_UNUSED_VARIABLE = YES;
				LOCALIZATION_PREFERS_STRING_CATALOGS = YES;
				MTL_ENABLE_DEBUG_INFO = INCLUDE_SOURCE;
				MTL_FAST_MATH = YES;
				ONLY_ACTIVE_ARCH = YES;
				SWIFT_ACTIVE_COMPILATION_CONDITIONS = "DEBUG $(inherited)";
				SWIFT_OPTIMIZATION_LEVEL = "-Onone";
			};
			name = Debug;
		};
		9C4FCE282BCEAD7A005EE131 /* Release */ = {
			isa = XCBuildConfiguration;
			buildSettings = {
				ALWAYS_SEARCH_USER_PATHS = NO;
				ASSETCATALOG_COMPILER_GENERATE_SWIFT_ASSET_SYMBOL_EXTENSIONS = YES;
				CLANG_ANALYZER_NONNULL = YES;
				CLANG_ANALYZER_NUMBER_OBJECT_CONVERSION = YES_AGGRESSIVE;
				CLANG_CXX_LANGUAGE_STANDARD = "gnu++20";
				CLANG_ENABLE_MODULES = YES;
				CLANG_ENABLE_OBJC_ARC = YES;
				CLANG_ENABLE_OBJC_WEAK = YES;
				CLANG_WARN_BLOCK_CAPTURE_AUTORELEASING = YES;
				CLANG_WARN_BOOL_CONVERSION = YES;
				CLANG_WARN_COMMA = YES;
				CLANG_WARN_CONSTANT_CONVERSION = YES;
				CLANG_WARN_DEPRECATED_OBJC_IMPLEMENTATIONS = YES;
				CLANG_WARN_DIRECT_OBJC_ISA_USAGE = YES_ERROR;
				CLANG_WARN_DOCUMENTATION_COMMENTS = YES;
				CLANG_WARN_EMPTY_BODY = YES;
				CLANG_WARN_ENUM_CONVERSION = YES;
				CLANG_WARN_INFINITE_RECURSION = YES;
				CLANG_WARN_INT_CONVERSION = YES;
				CLANG_WARN_NON_LITERAL_NULL_CONVERSION = YES;
				CLANG_WARN_OBJC_IMPLICIT_RETAIN_SELF = YES;
				CLANG_WARN_OBJC_LITERAL_CONVERSION = YES;
				CLANG_WARN_OBJC_ROOT_CLASS = YES_ERROR;
				CLANG_WARN_QUOTED_INCLUDE_IN_FRAMEWORK_HEADER = YES;
				CLANG_WARN_RANGE_LOOP_ANALYSIS = YES;
				CLANG_WARN_STRICT_PROTOTYPES = YES;
				CLANG_WARN_SUSPICIOUS_MOVE = YES;
				CLANG_WARN_UNGUARDED_AVAILABILITY = YES_AGGRESSIVE;
				CLANG_WARN_UNREACHABLE_CODE = YES;
				CLANG_WARN__DUPLICATE_METHOD_MATCH = YES;
				COPY_PHASE_STRIP = NO;
				DEBUG_INFORMATION_FORMAT = "dwarf-with-dsym";
				ENABLE_NS_ASSERTIONS = NO;
				ENABLE_STRICT_OBJC_MSGSEND = YES;
				ENABLE_USER_SCRIPT_SANDBOXING = YES;
				GCC_C_LANGUAGE_STANDARD = gnu17;
				GCC_NO_COMMON_BLOCKS = YES;
				GCC_WARN_64_TO_32_BIT_CONVERSION = YES;
				GCC_WARN_ABOUT_RETURN_TYPE = YES_ERROR;
				GCC_WARN_UNDECLARED_SELECTOR = YES;
				GCC_WARN_UNINITIALIZED_AUTOS = YES_AGGRESSIVE;
				GCC_WARN_UNUSED_FUNCTION = YES;
				GCC_WARN_UNUSED_VARIABLE = YES;
				LOCALIZATION_PREFERS_STRING_CATALOGS = YES;
				MTL_ENABLE_DEBUG_INFO = NO;
				MTL_FAST_MATH = YES;
				SWIFT_COMPILATION_MODE = wholemodule;
			};
			name = Release;
		};
		9C4FCE2A2BCEAD7A005EE131 /* Debug */ = {
			isa = XCBuildConfiguration;
			buildSettings = {
				ASSETCATALOG_COMPILER_APPICON_NAME = AppIcon;
				ASSETCATALOG_COMPILER_GLOBAL_ACCENT_COLOR_NAME = AccentColor;
				CODE_SIGN_ENTITLEMENTS = ChartsSample/ChartsSample.entitlements;
				CODE_SIGN_STYLE = Automatic;
				CURRENT_PROJECT_VERSION = 1;
				DEVELOPMENT_ASSET_PATHS = "\"ChartsSample/Preview Content\"";
				DEVELOPMENT_TEAM = 8HSC6WJMH6;
				ENABLE_HARDENED_RUNTIME = YES;
				ENABLE_PREVIEWS = YES;
				GENERATE_INFOPLIST_FILE = YES;
				"INFOPLIST_KEY_UIApplicationSceneManifest_Generation[sdk=iphoneos*]" = YES;
				"INFOPLIST_KEY_UIApplicationSceneManifest_Generation[sdk=iphonesimulator*]" = YES;
				"INFOPLIST_KEY_UIApplicationSupportsIndirectInputEvents[sdk=iphoneos*]" = YES;
				"INFOPLIST_KEY_UIApplicationSupportsIndirectInputEvents[sdk=iphonesimulator*]" = YES;
				"INFOPLIST_KEY_UILaunchScreen_Generation[sdk=iphoneos*]" = YES;
				"INFOPLIST_KEY_UILaunchScreen_Generation[sdk=iphonesimulator*]" = YES;
				"INFOPLIST_KEY_UIStatusBarStyle[sdk=iphoneos*]" = UIStatusBarStyleDefault;
				"INFOPLIST_KEY_UIStatusBarStyle[sdk=iphonesimulator*]" = UIStatusBarStyleDefault;
				INFOPLIST_KEY_UISupportedInterfaceOrientations_iPad = "UIInterfaceOrientationPortrait UIInterfaceOrientationPortraitUpsideDown UIInterfaceOrientationLandscapeLeft UIInterfaceOrientationLandscapeRight";
				INFOPLIST_KEY_UISupportedInterfaceOrientations_iPhone = "UIInterfaceOrientationPortrait UIInterfaceOrientationLandscapeLeft UIInterfaceOrientationLandscapeRight";
				IPHONEOS_DEPLOYMENT_TARGET = 17.4;
				LD_RUNPATH_SEARCH_PATHS = "@executable_path/Frameworks";
				"LD_RUNPATH_SEARCH_PATHS[sdk=macosx*]" = "@executable_path/../Frameworks";
				MACOSX_DEPLOYMENT_TARGET = 14.4;
				MARKETING_VERSION = 1.0;
				PRODUCT_BUNDLE_IDENTIFIER = kazuma.miura.ChartsSample;
				PRODUCT_NAME = "$(TARGET_NAME)";
				SDKROOT = auto;
				SUPPORTED_PLATFORMS = "iphoneos iphonesimulator macosx";
				SWIFT_EMIT_LOC_STRINGS = YES;
				SWIFT_VERSION = 5.0;
				TARGETED_DEVICE_FAMILY = "1,2";
			};
			name = Debug;
		};
		9C4FCE2B2BCEAD7A005EE131 /* Release */ = {
			isa = XCBuildConfiguration;
			buildSettings = {
				ASSETCATALOG_COMPILER_APPICON_NAME = AppIcon;
				ASSETCATALOG_COMPILER_GLOBAL_ACCENT_COLOR_NAME = AccentColor;
				CODE_SIGN_ENTITLEMENTS = ChartsSample/ChartsSample.entitlements;
				CODE_SIGN_STYLE = Automatic;
				CURRENT_PROJECT_VERSION = 1;
				DEVELOPMENT_ASSET_PATHS = "\"ChartsSample/Preview Content\"";
				DEVELOPMENT_TEAM = 8HSC6WJMH6;
				ENABLE_HARDENED_RUNTIME = YES;
				ENABLE_PREVIEWS = YES;
				GENERATE_INFOPLIST_FILE = YES;
				"INFOPLIST_KEY_UIApplicationSceneManifest_Generation[sdk=iphoneos*]" = YES;
				"INFOPLIST_KEY_UIApplicationSceneManifest_Generation[sdk=iphonesimulator*]" = YES;
				"INFOPLIST_KEY_UIApplicationSupportsIndirectInputEvents[sdk=iphoneos*]" = YES;
				"INFOPLIST_KEY_UIApplicationSupportsIndirectInputEvents[sdk=iphonesimulator*]" = YES;
				"INFOPLIST_KEY_UILaunchScreen_Generation[sdk=iphoneos*]" = YES;
				"INFOPLIST_KEY_UILaunchScreen_Generation[sdk=iphonesimulator*]" = YES;
				"INFOPLIST_KEY_UIStatusBarStyle[sdk=iphoneos*]" = UIStatusBarStyleDefault;
				"INFOPLIST_KEY_UIStatusBarStyle[sdk=iphonesimulator*]" = UIStatusBarStyleDefault;
				INFOPLIST_KEY_UISupportedInterfaceOrientations_iPad = "UIInterfaceOrientationPortrait UIInterfaceOrientationPortraitUpsideDown UIInterfaceOrientationLandscapeLeft UIInterfaceOrientationLandscapeRight";
				INFOPLIST_KEY_UISupportedInterfaceOrientations_iPhone = "UIInterfaceOrientationPortrait UIInterfaceOrientationLandscapeLeft UIInterfaceOrientationLandscapeRight";
				IPHONEOS_DEPLOYMENT_TARGET = 17.4;
				LD_RUNPATH_SEARCH_PATHS = "@executable_path/Frameworks";
				"LD_RUNPATH_SEARCH_PATHS[sdk=macosx*]" = "@executable_path/../Frameworks";
				MACOSX_DEPLOYMENT_TARGET = 14.4;
				MARKETING_VERSION = 1.0;
				PRODUCT_BUNDLE_IDENTIFIER = kazuma.miura.ChartsSample;
				PRODUCT_NAME = "$(TARGET_NAME)";
				SDKROOT = auto;
				SUPPORTED_PLATFORMS = "iphoneos iphonesimulator macosx";
				SWIFT_EMIT_LOC_STRINGS = YES;
				SWIFT_VERSION = 5.0;
				TARGETED_DEVICE_FAMILY = "1,2";
			};
			name = Release;
		};
		9C4FCE2D2BCEAD7A005EE131 /* Debug */ = {
			isa = XCBuildConfiguration;
			buildSettings = {
				ALWAYS_EMBED_SWIFT_STANDARD_LIBRARIES = YES;
				BUNDLE_LOADER = "$(TEST_HOST)";
				CODE_SIGN_STYLE = Automatic;
				CURRENT_PROJECT_VERSION = 1;
				DEVELOPMENT_TEAM = 8HSC6WJMH6;
				GENERATE_INFOPLIST_FILE = YES;
				IPHONEOS_DEPLOYMENT_TARGET = 17.4;
				MACOSX_DEPLOYMENT_TARGET = 14.4;
				MARKETING_VERSION = 1.0;
				PRODUCT_BUNDLE_IDENTIFIER = kazuma.miura.ChartsSampleTests;
				PRODUCT_NAME = "$(TARGET_NAME)";
				SDKROOT = auto;
				SUPPORTED_PLATFORMS = "iphoneos iphonesimulator macosx";
				SWIFT_EMIT_LOC_STRINGS = NO;
				SWIFT_VERSION = 5.0;
				TARGETED_DEVICE_FAMILY = "1,2";
				TEST_HOST = "$(BUILT_PRODUCTS_DIR)/ChartsSample.app/$(BUNDLE_EXECUTABLE_FOLDER_PATH)/ChartsSample";
			};
			name = Debug;
		};
		9C4FCE2E2BCEAD7A005EE131 /* Release */ = {
			isa = XCBuildConfiguration;
			buildSettings = {
				ALWAYS_EMBED_SWIFT_STANDARD_LIBRARIES = YES;
				BUNDLE_LOADER = "$(TEST_HOST)";
				CODE_SIGN_STYLE = Automatic;
				CURRENT_PROJECT_VERSION = 1;
				DEVELOPMENT_TEAM = 8HSC6WJMH6;
				GENERATE_INFOPLIST_FILE = YES;
				IPHONEOS_DEPLOYMENT_TARGET = 17.4;
				MACOSX_DEPLOYMENT_TARGET = 14.4;
				MARKETING_VERSION = 1.0;
				PRODUCT_BUNDLE_IDENTIFIER = kazuma.miura.ChartsSampleTests;
				PRODUCT_NAME = "$(TARGET_NAME)";
				SDKROOT = auto;
				SUPPORTED_PLATFORMS = "iphoneos iphonesimulator macosx";
				SWIFT_EMIT_LOC_STRINGS = NO;
				SWIFT_VERSION = 5.0;
				TARGETED_DEVICE_FAMILY = "1,2";
				TEST_HOST = "$(BUILT_PRODUCTS_DIR)/ChartsSample.app/$(BUNDLE_EXECUTABLE_FOLDER_PATH)/ChartsSample";
			};
			name = Release;
		};
		9C4FCE302BCEAD7A005EE131 /* Debug */ = {
			isa = XCBuildConfiguration;
			buildSettings = {
				ALWAYS_EMBED_SWIFT_STANDARD_LIBRARIES = YES;
				CODE_SIGN_STYLE = Automatic;
				CURRENT_PROJECT_VERSION = 1;
				DEVELOPMENT_TEAM = 8HSC6WJMH6;
				GENERATE_INFOPLIST_FILE = YES;
				IPHONEOS_DEPLOYMENT_TARGET = 17.4;
				MACOSX_DEPLOYMENT_TARGET = 14.4;
				MARKETING_VERSION = 1.0;
				PRODUCT_BUNDLE_IDENTIFIER = kazuma.miura.ChartsSampleUITests;
				PRODUCT_NAME = "$(TARGET_NAME)";
				SDKROOT = auto;
				SUPPORTED_PLATFORMS = "iphoneos iphonesimulator macosx";
				SWIFT_EMIT_LOC_STRINGS = NO;
				SWIFT_VERSION = 5.0;
				TARGETED_DEVICE_FAMILY = "1,2";
				TEST_TARGET_NAME = ChartsSample;
			};
			name = Debug;
		};
		9C4FCE312BCEAD7A005EE131 /* Release */ = {
			isa = XCBuildConfiguration;
			buildSettings = {
				ALWAYS_EMBED_SWIFT_STANDARD_LIBRARIES = YES;
				CODE_SIGN_STYLE = Automatic;
				CURRENT_PROJECT_VERSION = 1;
				DEVELOPMENT_TEAM = 8HSC6WJMH6;
				GENERATE_INFOPLIST_FILE = YES;
				IPHONEOS_DEPLOYMENT_TARGET = 17.4;
				MACOSX_DEPLOYMENT_TARGET = 14.4;
				MARKETING_VERSION = 1.0;
				PRODUCT_BUNDLE_IDENTIFIER = kazuma.miura.ChartsSampleUITests;
				PRODUCT_NAME = "$(TARGET_NAME)";
				SDKROOT = auto;
				SUPPORTED_PLATFORMS = "iphoneos iphonesimulator macosx";
				SWIFT_EMIT_LOC_STRINGS = NO;
				SWIFT_VERSION = 5.0;
				TARGETED_DEVICE_FAMILY = "1,2";
				TEST_TARGET_NAME = ChartsSample;
			};
			name = Release;
		};
/* End XCBuildConfiguration section */

/* Begin XCConfigurationList section */
		9C4FCDFF2BCEAD79005EE131 /* Build configuration list for PBXProject "ChartsSample" */ = {
			isa = XCConfigurationList;
			buildConfigurations = (
				9C4FCE272BCEAD7A005EE131 /* Debug */,
				9C4FCE282BCEAD7A005EE131 /* Release */,
			);
			defaultConfigurationIsVisible = 0;
			defaultConfigurationName = Release;
		};
		9C4FCE292BCEAD7A005EE131 /* Build configuration list for PBXNativeTarget "ChartsSample" */ = {
			isa = XCConfigurationList;
			buildConfigurations = (
				9C4FCE2A2BCEAD7A005EE131 /* Debug */,
				9C4FCE2B2BCEAD7A005EE131 /* Release */,
			);
			defaultConfigurationIsVisible = 0;
			defaultConfigurationName = Release;
		};
		9C4FCE2C2BCEAD7A005EE131 /* Build configuration list for PBXNativeTarget "ChartsSampleTests" */ = {
			isa = XCConfigurationList;
			buildConfigurations = (
				9C4FCE2D2BCEAD7A005EE131 /* Debug */,
				9C4FCE2E2BCEAD7A005EE131 /* Release */,
			);
			defaultConfigurationIsVisible = 0;
			defaultConfigurationName = Release;
		};
		9C4FCE2F2BCEAD7A005EE131 /* Build configuration list for PBXNativeTarget "ChartsSampleUITests" */ = {
			isa = XCConfigurationList;
			buildConfigurations = (
				9C4FCE302BCEAD7A005EE131 /* Debug */,
				9C4FCE312BCEAD7A005EE131 /* Release */,
			);
			defaultConfigurationIsVisible = 0;
			defaultConfigurationName = Release;
		};
/* End XCConfigurationList section */
	};
	rootObject = 9C4FCDFC2BCEAD79005EE131 /* Project object */;
}
